
Microsoft Visual Studio Solution File, Format Version 12.00
# Visual Studio Version 17
VisualStudioVersion = 17.14.36414.22 d17.14
MinimumVisualStudioVersion = 10.0.40219.1
Project("{FAE04EC0-301F-11D3-BF4B-00C04F79EFBC}") = "Midterm_EquipmentRental_Gurnoor&Parth", "Midterm_EquipmentRental_Gurnoor&Parth\Midterm_EquipmentRental_Gurnoor&Parth.csproj", "{B4541025-D975-4FC0-AD87-6E860568AC32}"
EndProject
Global
	GlobalSection(SolutionConfigurationPlatforms) = preSolution
		Debug|Any CPU = Debug|Any CPU
		Release|Any CPU = Release|Any CPU
	EndGlobalSection
	GlobalSection(ProjectConfigurationPlatforms) = postSolution
		{B4541025-D975-4FC0-AD87-6E860568AC32}.Debug|Any CPU.ActiveCfg = Debug|Any CPU
		{B4541025-D975-4FC0-AD87-6E860568AC32}.Debug|Any CPU.Build.0 = Debug|Any CPU
		{B4541025-D975-4FC0-AD87-6E860568AC32}.Release|Any CPU.ActiveCfg = Release|Any CPU
		{B4541025-D975-4FC0-AD87-6E860568AC32}.Release|Any CPU.Build.0 = Release|Any CPU
	EndGlobalSection
	GlobalSection(SolutionProperties) = preSolution
		HideSolutionNode = FALSE
	EndGlobalSection
	GlobalSection(ExtensibilityGlobals) = postSolution
		SolutionGuid = {EE2635A6-853E-4039-AE5F-6E33607BEEE9}
	EndGlobalSection
EndGlobal
